{
  "version": 4,
  "terraform_version": "1.4.6",
  "serial": 26,
  "lineage": "a0d0c937-bdf3-d5f1-fe48-171db1c81139",
  "outputs": {
    "repo-url": {
      "value": "https://github.com/saur-hba/Terra-repo",
      "type": "string"
    },
    "repo-url-ssh": {
      "value": "git@github.com:saur-hba/Terra-repo.git",
      "type": "string"
    }
  },
  "resources": [
    {
      "mode": "managed",
      "type": "github_repository",
      "name": "Terraform-first-repo",
      "provider": "provider[\"registry.terraform.io/hashicorp/github\"]",
      "instances": [
        {
          "schema_version": 1,
          "attributes": {
            "allow_auto_merge": false,
            "allow_merge_commit": true,
            "allow_rebase_merge": true,
            "allow_squash_merge": true,
            "allow_update_branch": false,
            "archive_on_destroy": null,
            "archived": false,
            "auto_init": true,
            "default_branch": "main",
            "delete_branch_on_merge": false,
            "description": "Uploading terraform resources over here",
            "etag": "W/\"0ba2bbe2c96ac88da4045ec263298fa7b9b6b894c35a644e0894feed1540925a\"",
            "full_name": "saur-hba/Terra-repo",
            "git_clone_url": "git://github.com/saur-hba/Terra-repo.git",
            "gitignore_template": null,
            "has_discussions": false,
            "has_downloads": false,
            "has_issues": false,
            "has_projects": false,
            "has_wiki": false,
            "homepage_url": "",
            "html_url": "https://github.com/saur-hba/Terra-repo",
            "http_clone_url": "https://github.com/saur-hba/Terra-repo.git",
            "id": "Terra-repo",
            "ignore_vulnerability_alerts_during_read": null,
            "is_template": false,
            "license_template": null,
            "merge_commit_message": "PR_TITLE",
            "merge_commit_title": "MERGE_MESSAGE",
            "name": "Terra-repo",
            "node_id": "R_kgDOJgcHTA",
            "pages": [],
            "private": false,
            "repo_id": 637994828,
            "security_and_analysis": [
              {
                "advanced_security": [],
                "secret_scanning": [
                  {
                    "status": "disabled"
                  }
                ],
                "secret_scanning_push_protection": [
                  {
                    "status": "disabled"
                  }
                ]
              }
            ],
            "squash_merge_commit_message": "COMMIT_MESSAGES",
            "squash_merge_commit_title": "COMMIT_OR_PR_TITLE",
            "ssh_clone_url": "git@github.com:saur-hba/Terra-repo.git",
            "svn_url": "https://github.com/saur-hba/Terra-repo",
            "template": [],
            "topics": [],
            "visibility": "public",
            "vulnerability_alerts": false
          },
          "sensitive_attributes": [],
          "private": "eyJzY2hlbWFfdmVyc2lvbiI6IjEifQ=="
        }
      ]
    }
  ],
  "check_results": null
}
